<?xml version="1.0" encoding="utf-8"?>
<Project ToolsVersion="17.0" xmlns="http://schemas.microsoft.com/developer/msbuild/2003">
  <ItemGroup>
    <ClCompile Include="D:\YimMenu\_deps\imgui-src\backends\imgui_impl_dx11.cpp">
      <Filter>imgui\backends</Filter>
    </ClCompile>
    <ClCompile Include="D:\YimMenu\_deps\imgui-src\backends\imgui_impl_win32.cpp">
      <Filter>imgui\backends</Filter>
    </ClCompile>
    <ClCompile Include="D:\YimMenu\_deps\imgui-src\imgui.cpp">
      <Filter>imgui</Filter>
    </ClCompile>
    <ClCompile Include="D:\YimMenu\_deps\imgui-src\imgui_demo.cpp">
      <Filter>imgui</Filter>
    </ClCompile>
    <ClCompile Include="D:\YimMenu\_deps\imgui-src\imgui_draw.cpp">
      <Filter>imgui</Filter>
    </ClCompile>
    <ClCompile Include="D:\YimMenu\_deps\imgui-src\imgui_tables.cpp">
      <Filter>imgui</Filter>
    </ClCompile>
    <ClCompile Include="D:\YimMenu\_deps\imgui-src\imgui_widgets.cpp">
      <Filter>imgui</Filter>
    </ClCompile>
    <ClCompile Include="D:\YimMenu\_deps\imgui-src\misc\cpp\imgui_stdlib.cpp">
      <Filter>imgui\misc\cpp</Filter>
    </ClCompile>
  </ItemGroup>
  <ItemGroup>
    <CustomBuild Include="D:\YimMenu\CMakeLists.txt" />
  </ItemGroup>
  <ItemGroup>
    <Filter Include="imgui">
      <UniqueIdentifier>{63F78ECF-3D19-3DF6-85E4-89F53E2215EF}</UniqueIdentifier>
    </Filter>
    <Filter Include="imgui\backends">
      <UniqueIdentifier>{A4053BCA-4235-3A0E-83A4-9A3323B9F995}</UniqueIdentifier>
    </Filter>
    <Filter Include="imgui\misc">
      <UniqueIdentifier>{065FD7DC-1E9F-3B95-914F-47057B3F444B}</UniqueIdentifier>
    </Filter>
    <Filter Include="imgui\misc\cpp">
      <UniqueIdentifier>{0336C9A3-9FB1-358F-BA2F-E324A71B1C34}</UniqueIdentifier>
    </Filter>
  </ItemGroup>
</Project>
